dependencies:
- name: cert-manager
  repository: https://charts.jetstack.io
  version: v1.16.2
- name: kube-prometheus-stack
  repository: https://prometheus-community.github.io/helm-charts
  version: 67.4.0
- name: mysql
  repository: https://charts.bitnami.com/bitnami
  version: 12.2.0
- name: apisix
  repository: https://charts.bitnami.com/bitnami
  version: 3.7.0
- name: keycloak
  repository: https://charts.bitnami.com/bitnami
  version: 24.4.10
digest: sha256:b8b1ac6b2c972a72e3e8b63785c9f131fb73431c5a7fe3f976f55393f5b33218
generated: "2025-02-19T13:49:26.334443851+01:00"
