dependencies:
- name: cert-manager
  repository: https://charts.jetstack.io
  version: v1.17.2
- name: kube-prometheus-stack
  repository: https://prometheus-community.github.io/helm-charts
  version: 72.2.0
- name: mysql
  repository: https://charts.bitnami.com/bitnami
  version: 13.0.0
- name: apisix
  repository: https://charts.bitnami.com/bitnami
  version: 3.7.0
- name: keycloak
  repository: https://charts.bitnami.com/bitnami
  version: 24.6.6
- name: mongodb
  repository: https://charts.bitnami.com/bitnami
  version: 16.5.5
digest: sha256:0534153806080a05b3183e570e6ffdd994ea5cc6bb824db1fef08ce73a7fb795
generated: "2025-06-26T12:11:02.553007524+02:00"
