dependencies:
- name: cert-manager
  repository: https://charts.jetstack.io
  version: v1.16.2
- name: kube-prometheus-stack
  repository: https://prometheus-community.github.io/helm-charts
  version: 67.4.0
- name: mysql
  repository: https://charts.bitnami.com/bitnami
  version: 12.2.0
- name: apisix
  repository: https://charts.bitnami.com/bitnami
  version: 3.7.0
- name: keycloak
  repository: https://charts.bitnami.com/bitnami
  version: 24.4.10
- name: mongodb
  repository: https://charts.bitnami.com/bitnami
  version: 16.5.5
digest: sha256:0b88f31dac794565a91c61499c5bb14cadbd38da9d0edcac2ee8d380881d5832
generated: "2025-05-06T20:17:10.578455108+02:00"
